{
  "name": "tfjs-separable-conv2d-memoryleak-issue",
  "requires": true,
  "lockfileVersion": 1,
  "dependencies": {
    "@tensorflow/tfjs-core": {
      "version": "0.11.9",
      "resolved": "https://registry.npmjs.org/@tensorflow/tfjs-core/-/tfjs-core-0.11.9.tgz",
      "integrity": "sha512-upxSDwgGMGNiBBoyo8FTF67pCB/odBoN9THJzB65VDpxwHs66fI09caowzKW4fwDTLk6cExSsNlAPFSjra6Rxg==",
      "requires": {
        "seedrandom": "2.4.3"
      }
    },
    "seedrandom": {
      "version": "2.4.3",
      "resolved": "https://registry.npmjs.org/seedrandom/-/seedrandom-2.4.3.tgz",
      "integrity": "sha1-JDhQTa0zkXMUv/GKxNeU8W1qrsw="
    },
    "tslib": {
      "version": "1.9.3",
      "resolved": "https://registry.npmjs.org/tslib/-/tslib-1.9.3.tgz",
      "integrity": "sha512-4krF8scpejhaOgqzBEcGM7yDIEfi0/8+8zDRZhNZZ2kjmHJ4hv3zCbQWxoJGz1iw5U0Jl0nma13xzHXcncMavQ=="
    },
    "typescript": {
      "version": "3.0.1",
      "resolved": "https://registry.npmjs.org/typescript/-/typescript-3.0.1.tgz",
      "integrity": "sha512-zQIMOmC+372pC/CCVLqnQ0zSBiY7HHodU7mpQdjiZddek4GMj31I3dUJ7gAs9o65X7mnRma6OokOkc6f9jjfBg=="
    }
  }
}
